// !$*UTF8*$!
{
	archiveVersion = 1;
	classes = {
	};
	objectVersion = 50;
	objects = {

/* Begin PBXBuildFile section */
		5D06A36F2310D811ABB0C334 /* Pods_Git.framework in Frameworks */ = {isa = PBXBuildFile; fileRef = E20AB0D82C571BD321318048 /* Pods_Git.framework */; };
		7F9494CF20EC3EC200384A15 /* AppDelegate.swift in Sources */ = {isa = PBXBuildFile; fileRef = 7F9494CE20EC3EC200384A15 /* AppDelegate.swift */; };
		7F9494D120EC3EC200384A15 /* ViewController.swift in Sources */ = {isa = PBXBuildFile; fileRef = 7F9494D020EC3EC200384A15 /* ViewController.swift */; };
		7F9494D420EC3EC200384A15 /* Main.storyboard in Resources */ = {isa = PBXBuildFile; fileRef = 7F9494D220EC3EC200384A15 /* Main.storyboard */; };
		7F9494D720EC3EC200384A15 /* Git.xcdatamodeld in Sources */ = {isa = PBXBuildFile; fileRef = 7F9494D520EC3EC200384A15 /* Git.xcdatamodeld */; };
		7F9494D920EC3EC200384A15 /* Assets.xcassets in Resources */ = {isa = PBXBuildFile; fileRef = 7F9494D820EC3EC200384A15 /* Assets.xcassets */; };
		7F9494DC20EC3EC200384A15 /* LaunchScreen.storyboard in Resources */ = {isa = PBXBuildFile; fileRef = 7F9494DA20EC3EC200384A15 /* LaunchScreen.storyboard */; };
		7F9494E720EC3EC300384A15 /* GitTests.swift in Sources */ = {isa = PBXBuildFile; fileRef = 7F9494E620EC3EC300384A15 /* GitTests.swift */; };
		7F9494F220EC3EC300384A15 /* GitUITests.swift in Sources */ = {isa = PBXBuildFile; fileRef = 7F9494F120EC3EC300384A15 /* GitUITests.swift */; };
		83DC3AB25D16F1AF7DD7409B /* Pods_GitUITests.framework in Frameworks */ = {isa = PBXBuildFile; fileRef = 39459F47D7F52F33DEE73F1B /* Pods_GitUITests.framework */; };
		BA09144E9563045F26581FB2 /* Pods_GitTests.framework in Frameworks */ = {isa = PBXBuildFile; fileRef = 74C7CA087754AAE9F57D5E3C /* Pods_GitTests.framework */; };
/* End PBXBuildFile section */

/* Begin PBXContainerItemProxy section */
		7F9494E320EC3EC300384A15 /* PBXContainerItemProxy */ = {
			isa = PBXContainerItemProxy;
			containerPortal = 7F9494C320EC3EC200384A15 /* Project object */;
			proxyType = 1;
			remoteGlobalIDString = 7F9494CA20EC3EC200384A15;
			remoteInfo = Git;
		};
		7F9494EE20EC3EC300384A15 /* PBXContainerItemProxy */ = {
			isa = PBXContainerItemProxy;
			containerPortal = 7F9494C320EC3EC200384A15 /* Project object */;
			proxyType = 1;
			remoteGlobalIDString = 7F9494CA20EC3EC200384A15;
			remoteInfo = Git;
		};
/* End PBXContainerItemProxy section */

/* Begin PBXFileReference section */
		39459F47D7F52F33DEE73F1B /* Pods_GitUITests.framework */ = {isa = PBXFileReference; explicitFileType = wrapper.framework; includeInIndex = 0; path = Pods_GitUITests.framework; sourceTree = BUILT_PRODUCTS_DIR; };
		4245EEB4D12A48945DA7E4C7 /* Pods-GitTests.debug.xcconfig */ = {isa = PBXFileReference; includeInIndex = 1; lastKnownFileType = text.xcconfig; name = "Pods-GitTests.debug.xcconfig"; path = "Pods/Target Support Files/Pods-GitTests/Pods-GitTests.debug.xcconfig"; sourceTree = "<group>"; };
		74C7CA087754AAE9F57D5E3C /* Pods_GitTests.framework */ = {isa = PBXFileReference; explicitFileType = wrapper.framework; includeInIndex = 0; path = Pods_GitTests.framework; sourceTree = BUILT_PRODUCTS_DIR; };
		7F9494CB20EC3EC200384A15 /* Git.app */ = {isa = PBXFileReference; explicitFileType = wrapper.application; includeInIndex = 0; path = Git.app; sourceTree = BUILT_PRODUCTS_DIR; };
		7F9494CE20EC3EC200384A15 /* AppDelegate.swift */ = {isa = PBXFileReference; lastKnownFileType = sourcecode.swift; path = AppDelegate.swift; sourceTree = "<group>"; };
		7F9494D020EC3EC200384A15 /* ViewController.swift */ = {isa = PBXFileReference; lastKnownFileType = sourcecode.swift; path = ViewController.swift; sourceTree = "<group>"; };
		7F9494D320EC3EC200384A15 /* Base */ = {isa = PBXFileReference; lastKnownFileType = file.storyboard; name = Base; path = Base.lproj/Main.storyboard; sourceTree = "<group>"; };
		7F9494D620EC3EC200384A15 /* Git.xcdatamodel */ = {isa = PBXFileReference; lastKnownFileType = wrapper.xcdatamodel; path = Git.xcdatamodel; sourceTree = "<group>"; };
		7F9494D820EC3EC200384A15 /* Assets.xcassets */ = {isa = PBXFileReference; lastKnownFileType = folder.assetcatalog; path = Assets.xcassets; sourceTree = "<group>"; };
		7F9494DB20EC3EC200384A15 /* Base */ = {isa = PBXFileReference; lastKnownFileType = file.storyboard; name = Base; path = Base.lproj/LaunchScreen.storyboard; sourceTree = "<group>"; };
		7F9494DD20EC3EC200384A15 /* Info.plist */ = {isa = PBXFileReference; lastKnownFileType = text.plist.xml; path = Info.plist; sourceTree = "<group>"; };
		7F9494E220EC3EC300384A15 /* GitTests.xctest */ = {isa = PBXFileReference; explicitFileType = wrapper.cfbundle; includeInIndex = 0; path = GitTests.xctest; sourceTree = BUILT_PRODUCTS_DIR; };
		7F9494E620EC3EC300384A15 /* GitTests.swift */ = {isa = PBXFileReference; lastKnownFileType = sourcecode.swift; path = GitTests.swift; sourceTree = "<group>"; };
		7F9494E820EC3EC300384A15 /* Info.plist */ = {isa = PBXFileReference; lastKnownFileType = text.plist.xml; path = Info.plist; sourceTree = "<group>"; };
		7F9494ED20EC3EC300384A15 /* GitUITests.xctest */ = {isa = PBXFileReference; explicitFileType = wrapper.cfbundle; includeInIndex = 0; path = GitUITests.xctest; sourceTree = BUILT_PRODUCTS_DIR; };
		7F9494F120EC3EC300384A15 /* GitUITests.swift */ = {isa = PBXFileReference; lastKnownFileType = sourcecode.swift; path = GitUITests.swift; sourceTree = "<group>"; };
		7F9494F320EC3EC300384A15 /* Info.plist */ = {isa = PBXFileReference; lastKnownFileType = text.plist.xml; path = Info.plist; sourceTree = "<group>"; };
		909BAB7B7A840407886CBE59 /* Pods-Git.debug.xcconfig */ = {isa = PBXFileReference; includeInIndex = 1; lastKnownFileType = text.xcconfig; name = "Pods-Git.debug.xcconfig"; path = "Pods/Target Support Files/Pods-Git/Pods-Git.debug.xcconfig"; sourceTree = "<group>"; };
		969BCD266FBD2793C3367884 /* Pods-Git.release.xcconfig */ = {isa = PBXFileReference; includeInIndex = 1; lastKnownFileType = text.xcconfig; name = "Pods-Git.release.xcconfig"; path = "Pods/Target Support Files/Pods-Git/Pods-Git.release.xcconfig"; sourceTree = "<group>"; };
		B2CE1484B23EE1D02450C981 /* Pods-GitUITests.release.xcconfig */ = {isa = PBXFileReference; includeInIndex = 1; lastKnownFileType = text.xcconfig; name = "Pods-GitUITests.release.xcconfig"; path = "Pods/Target Support Files/Pods-GitUITests/Pods-GitUITests.release.xcconfig"; sourceTree = "<group>"; };
		BBD91633A57779C124486709 /* Pods-GitTests.release.xcconfig */ = {isa = PBXFileReference; includeInIndex = 1; lastKnownFileType = text.xcconfig; name = "Pods-GitTests.release.xcconfig"; path = "Pods/Target Support Files/Pods-GitTests/Pods-GitTests.release.xcconfig"; sourceTree = "<group>"; };
		E20AB0D82C571BD321318048 /* Pods_Git.framework */ = {isa = PBXFileReference; explicitFileType = wrapper.framework; includeInIndex = 0; path = Pods_Git.framework; sourceTree = BUILT_PRODUCTS_DIR; };
		E5D7637E08FF984190C09B51 /* Pods-GitUITests.debug.xcconfig */ = {isa = PBXFileReference; includeInIndex = 1; lastKnownFileType = text.xcconfig; name = "Pods-GitUITests.debug.xcconfig"; path = "Pods/Target Support Files/Pods-GitUITests/Pods-GitUITests.debug.xcconfig"; sourceTree = "<group>"; };
/* End PBXFileReference section */

/* Begin PBXFrameworksBuildPhase section */
		7F9494C820EC3EC200384A15 /* Frameworks */ = {
			isa = PBXFrameworksBuildPhase;
			buildActionMask = 2147483647;
			files = (
				5D06A36F2310D811ABB0C334 /* Pods_Git.framework in Frameworks */,
			);
			runOnlyForDeploymentPostprocessing = 0;
		};
		7F9494DF20EC3EC300384A15 /* Frameworks */ = {
			isa = PBXFrameworksBuildPhase;
			buildActionMask = 2147483647;
			files = (
				BA09144E9563045F26581FB2 /* Pods_GitTests.framework in Frameworks */,
			);
			runOnlyForDeploymentPostprocessing = 0;
		};
		7F9494EA20EC3EC300384A15 /* Frameworks */ = {
			isa = PBXFrameworksBuildPhase;
			buildActionMask = 2147483647;
			files = (
				83DC3AB25D16F1AF7DD7409B /* Pods_GitUITests.framework in Frameworks */,
			);
			runOnlyForDeploymentPostprocessing = 0;
		};
/* End PBXFrameworksBuildPhase section */

/* Begin PBXGroup section */
		7F9494C220EC3EC200384A15 = {
			isa = PBXGroup;
			children = (
				7F9494CD20EC3EC200384A15 /* Git */,
				7F9494E520EC3EC300384A15 /* GitTests */,
				7F9494F020EC3EC300384A15 /* GitUITests */,
				7F9494CC20EC3EC200384A15 /* Products */,
				B45D8E3FFC26761CC8956FD2 /* Pods */,
				CB9112846112B2066B11D0BB /* Frameworks */,
			);
			sourceTree = "<group>";
		};
		7F9494CC20EC3EC200384A15 /* Products */ = {
			isa = PBXGroup;
			children = (
				7F9494CB20EC3EC200384A15 /* Git.app */,
				7F9494E220EC3EC300384A15 /* GitTests.xctest */,
				7F9494ED20EC3EC300384A15 /* GitUITests.xctest */,
			);
			name = Products;
			sourceTree = "<group>";
		};
		7F9494CD20EC3EC200384A15 /* Git */ = {
			isa = PBXGroup;
			children = (
				7F9494CE20EC3EC200384A15 /* AppDelegate.swift */,
				7F9494D020EC3EC200384A15 /* ViewController.swift */,
				7F9494D220EC3EC200384A15 /* Main.storyboard */,
				7F9494D820EC3EC200384A15 /* Assets.xcassets */,
				7F9494DA20EC3EC200384A15 /* LaunchScreen.storyboard */,
				7F9494DD20EC3EC200384A15 /* Info.plist */,
				7F9494D520EC3EC200384A15 /* Git.xcdatamodeld */,
			);
			path = Git;
			sourceTree = "<group>";
		};
		7F9494E520EC3EC300384A15 /* GitTests */ = {
			isa = PBXGroup;
			children = (
				7F9494E620EC3EC300384A15 /* GitTests.swift */,
				7F9494E820EC3EC300384A15 /* Info.plist */,
			);
			path = GitTests;
			sourceTree = "<group>";
		};
		7F9494F020EC3EC300384A15 /* GitUITests */ = {
			isa = PBXGroup;
			children = (
				7F9494F120EC3EC300384A15 /* GitUITests.swift */,
				7F9494F320EC3EC300384A15 /* Info.plist */,
			);
			path = GitUITests;
			sourceTree = "<group>";
		};
		B45D8E3FFC26761CC8956FD2 /* Pods */ = {
			isa = PBXGroup;
			children = (
				909BAB7B7A840407886CBE59 /* Pods-Git.debug.xcconfig */,
				969BCD266FBD2793C3367884 /* Pods-Git.release.xcconfig */,
				4245EEB4D12A48945DA7E4C7 /* Pods-GitTests.debug.xcconfig */,
				BBD91633A57779C124486709 /* Pods-GitTests.release.xcconfig */,
				E5D7637E08FF984190C09B51 /* Pods-GitUITests.debug.xcconfig */,
				B2CE1484B23EE1D02450C981 /* Pods-GitUITests.release.xcconfig */,
			);
			name = Pods;
			sourceTree = "<group>";
		};
		CB9112846112B2066B11D0BB /* Frameworks */ = {
			isa = PBXGroup;
			children = (
				E20AB0D82C571BD321318048 /* Pods_Git.framework */,
				74C7CA087754AAE9F57D5E3C /* Pods_GitTests.framework */,
				39459F47D7F52F33DEE73F1B /* Pods_GitUITests.framework */,
			);
			name = Frameworks;
			sourceTree = "<group>";
		};
/* End PBXGroup section */

/* Begin PBXNativeTarget section */
		7F9494CA20EC3EC200384A15 /* Git */ = {
			isa = PBXNativeTarget;
			buildConfigurationList = 7F9494F620EC3EC300384A15 /* Build configuration list for PBXNativeTarget "Git" */;
			buildPhases = (
				76028EEE032313EE782FFD67 /* [CP] Check Pods Manifest.lock */,
				7F9494C720EC3EC200384A15 /* Sources */,
				7F9494C820EC3EC200384A15 /* Frameworks */,
				7F9494C920EC3EC200384A15 /* Resources */,
				9BC16B4A79F05C65F6F0FD7C /* [CP] Embed Pods Frameworks */,
			);
			buildRules = (
			);
			dependencies = (
			);
			name = Git;
			productName = Git;
			productReference = 7F9494CB20EC3EC200384A15 /* Git.app */;
			productType = "com.apple.product-type.application";
		};
		7F9494E120EC3EC300384A15 /* GitTests */ = {
			isa = PBXNativeTarget;
			buildConfigurationList = 7F9494F920EC3EC300384A15 /* Build configuration list for PBXNativeTarget "GitTests" */;
			buildPhases = (
				87EAA21F95CE2B1665740953 /* [CP] Check Pods Manifest.lock */,
				7F9494DE20EC3EC300384A15 /* Sources */,
				7F9494DF20EC3EC300384A15 /* Frameworks */,
				7F9494E020EC3EC300384A15 /* Resources */,
			);
			buildRules = (
			);
			dependencies = (
				7F9494E420EC3EC300384A15 /* PBXTargetDependency */,
			);
			name = GitTests;
			productName = GitTests;
			productReference = 7F9494E220EC3EC300384A15 /* GitTests.xctest */;
			productType = "com.apple.product-type.bundle.unit-test";
		};
		7F9494EC20EC3EC300384A15 /* GitUITests */ = {
			isa = PBXNativeTarget;
			buildConfigurationList = 7F9494FC20EC3EC300384A15 /* Build configuration list for PBXNativeTarget "GitUITests" */;
			buildPhases = (
				A8D9CA8973D933A7C3BDC6B8 /* [CP] Check Pods Manifest.lock */,
				7F9494E920EC3EC300384A15 /* Sources */,
				7F9494EA20EC3EC300384A15 /* Frameworks */,
				7F9494EB20EC3EC300384A15 /* Resources */,
			);
			buildRules = (
			);
			dependencies = (
				7F9494EF20EC3EC300384A15 /* PBXTargetDependency */,
			);
			name = GitUITests;
			productName = GitUITests;
			productReference = 7F9494ED20EC3EC300384A15 /* GitUITests.xctest */;
			productType = "com.apple.product-type.bundle.ui-testing";
		};
/* End PBXNativeTarget section */

/* Begin PBXProject section */
		7F9494C320EC3EC200384A15 /* Project object */ = {
			isa = PBXProject;
			attributes = {
				LastSwiftUpdateCheck = 0930;
				LastUpgradeCheck = 0930;
				ORGANIZATIONNAME = Alumnos;
				TargetAttributes = {
					7F9494CA20EC3EC200384A15 = {
						CreatedOnToolsVersion = 9.3.1;
					};
					7F9494E120EC3EC300384A15 = {
						CreatedOnToolsVersion = 9.3.1;
						TestTargetID = 7F9494CA20EC3EC200384A15;
					};
					7F9494EC20EC3EC300384A15 = {
						CreatedOnToolsVersion = 9.3.1;
						TestTargetID = 7F9494CA20EC3EC200384A15;
					};
				};
			};
			buildConfigurationList = 7F9494C620EC3EC200384A15 /* Build configuration list for PBXProject "Git" */;
			compatibilityVersion = "Xcode 9.3";
			developmentRegion = en;
			hasScannedForEncodings = 0;
			knownRegions = (
				en,
				Base,
			);
			mainGroup = 7F9494C220EC3EC200384A15;
			productRefGroup = 7F9494CC20EC3EC200384A15 /* Products */;
			projectDirPath = "";
			projectRoot = "";
			targets = (
				7F9494CA20EC3EC200384A15 /* Git */,
				7F9494E120EC3EC300384A15 /* GitTests */,
				7F9494EC20EC3EC300384A15 /* GitUITests */,
			);
		};
/* End PBXProject section */

/* Begin PBXResourcesBuildPhase section */
		7F9494C920EC3EC200384A15 /* Resources */ = {
			isa = PBXResourcesBuildPhase;
			buildActionMask = 2147483647;
			files = (
				7F9494DC20EC3EC200384A15 /* LaunchScreen.storyboard in Resources */,
				7F9494D920EC3EC200384A15 /* Assets.xcassets in Resources */,
				7F9494D420EC3EC200384A15 /* Main.storyboard in Resources */,
			);
			runOnlyForDeploymentPostprocessing = 0;
		};
		7F9494E020EC3EC300384A15 /* Resources */ = {
			isa = PBXResourcesBuildPhase;
			buildActionMask = 2147483647;
			files = (
			);
			runOnlyForDeploymentPostprocessing = 0;
		};
		7F9494EB20EC3EC300384A15 /* Resources */ = {
			isa = PBXResourcesBuildPhase;
			buildActionMask = 2147483647;
			files = (
			);
			runOnlyForDeploymentPostprocessing = 0;
		};
/* End PBXResourcesBuildPhase section */

/* Begin PBXShellScriptBuildPhase section */
		76028EEE032313EE782FFD67 /* [CP] Check Pods Manifest.lock */ = {
			isa = PBXShellScriptBuildPhase;
			buildActionMask = 2147483647;
			files = (
			);
			inputPaths = (
				"${PODS_PODFILE_DIR_PATH}/Podfile.lock",
				"${PODS_ROOT}/Manifest.lock",
			);
			name = "[CP] Check Pods Manifest.lock";
			outputPaths = (
				"$(DERIVED_FILE_DIR)/Pods-Git-checkManifestLockResult.txt",
			);
			runOnlyForDeploymentPostprocessing = 0;
			shellPath = /bin/sh;
			shellScript = "diff \"${PODS_PODFILE_DIR_PATH}/Podfile.lock\" \"${PODS_ROOT}/Manifest.lock\" > /dev/null\nif [ $? != 0 ] ; then\n    # print error to STDERR\n    echo \"error: The sandbox is not in sync with the Podfile.lock. Run 'pod install' or update your CocoaPods installation.\" >&2\n    exit 1\nfi\n# This output is used by Xcode 'outputs' to avoid re-running this script phase.\necho \"SUCCESS\" > \"${SCRIPT_OUTPUT_FILE_0}\"\n";
			showEnvVarsInLog = 0;
		};
		87EAA21F95CE2B1665740953 /* [CP] Check Pods Manifest.lock */ = {
			isa = PBXShellScriptBuildPhase;
			buildActionMask = 2147483647;
			files = (
			);
			inputPaths = (
				"${PODS_PODFILE_DIR_PATH}/Podfile.lock",
				"${PODS_ROOT}/Manifest.lock",
			);
			name = "[CP] Check Pods Manifest.lock";
			outputPaths = (
				"$(DERIVED_FILE_DIR)/Pods-GitTests-checkManifestLockResult.txt",
			);
			runOnlyForDeploymentPostprocessing = 0;
			shellPath = /bin/sh;
			shellScript = "diff \"${PODS_PODFILE_DIR_PATH}/Podfile.lock\" \"${PODS_ROOT}/Manifest.lock\" > /dev/null\nif [ $? != 0 ] ; then\n    # print error to STDERR\n    echo \"error: The sandbox is not in sync with the Podfile.lock. Run 'pod install' or update your CocoaPods installation.\" >&2\n    exit 1\nfi\n# This output is used by Xcode 'outputs' to avoid re-running this script phase.\necho \"SUCCESS\" > \"${SCRIPT_OUTPUT_FILE_0}\"\n";
			showEnvVarsInLog = 0;
		};
		9BC16B4A79F05C65F6F0FD7C /* [CP] Embed Pods Frameworks */ = {
			isa = PBXShellScriptBuildPhase;
			buildActionMask = 2147483647;
			files = (
			);
			inputPaths = (
				"${SRCROOT}/Pods/Target Support Files/Pods-Git/Pods-Git-frameworks.sh",
				"${BUILT_PRODUCTS_DIR}/Alamofire/Alamofire.framework",
				"${BUILT_PRODUCTS_DIR}/SwiftyJSON/SwiftyJSON.framework",
			);
			name = "[CP] Embed Pods Frameworks";
			outputPaths = (
				"${TARGET_BUILD_DIR}/${FRAMEWORKS_FOLDER_PATH}/Alamofire.framework",
				"${TARGET_BUILD_DIR}/${FRAMEWORKS_FOLDER_PATH}/SwiftyJSON.framework",
			);
			runOnlyForDeploymentPostprocessing = 0;
			shellPath = /bin/sh;
			shellScript = "\"${SRCROOT}/Pods/Target Support Files/Pods-Git/Pods-Git-frameworks.sh\"\n";
			showEnvVarsInLog = 0;
		};
		A8D9CA8973D933A7C3BDC6B8 /* [CP] Check Pods Manifest.lock */ = {
			isa = PBXShellScriptBuildPhase;
			buildActionMask = 2147483647;
			files = (
			);
			inputPaths = (
				"${PODS_PODFILE_DIR_PATH}/Podfile.lock",
				"${PODS_ROOT}/Manifest.lock",
			);
			name = "[CP] Check Pods Manifest.lock";
			outputPaths = (
				"$(DERIVED_FILE_DIR)/Pods-GitUITests-checkManifestLockResult.txt",
			);
			runOnlyForDeploymentPostprocessing = 0;
			shellPath = /bin/sh;
			shellScript = "diff \"${PODS_PODFILE_DIR_PATH}/Podfile.lock\" \"${PODS_ROOT}/Manifest.lock\" > /dev/null\nif [ $? != 0 ] ; then\n    # print error to STDERR\n    echo \"error: The sandbox is not in sync with the Podfile.lock. Run 'pod install' or update your CocoaPods installation.\" >&2\n    exit 1\nfi\n# This output is used by Xcode 'outputs' to avoid re-running this script phase.\necho \"SUCCESS\" > \"${SCRIPT_OUTPUT_FILE_0}\"\n";
			showEnvVarsInLog = 0;
		};
/* End PBXShellScriptBuildPhase section */

/* Begin PBXSourcesBuildPhase section */
		7F9494C720EC3EC200384A15 /* Sources */ = {
			isa = PBXSourcesBuildPhase;
			buildActionMask = 2147483647;
			files = (
				7F9494D120EC3EC200384A15 /* ViewController.swift in Sources */,
				7F9494CF20EC3EC200384A15 /* AppDelegate.swift in Sources */,
				7F9494D720EC3EC200384A15 /* Git.xcdatamodeld in Sources */,
			);
			runOnlyForDeploymentPostprocessing = 0;
		};
		7F9494DE20EC3EC300384A15 /* Sources */ = {
			isa = PBXSourcesBuildPhase;
			buildActionMask = 2147483647;
			files = (
				7F9494E720EC3EC300384A15 /* GitTests.swift in Sources */,
			);
			runOnlyForDeploymentPostprocessing = 0;
		};
		7F9494E920EC3EC300384A15 /* Sources */ = {
			isa = PBXSourcesBuildPhase;
			buildActionMask = 2147483647;
			files = (
				7F9494F220EC3EC300384A15 /* GitUITests.swift in Sources */,
			);
			runOnlyForDeploymentPostprocessing = 0;
		};
/* End PBXSourcesBuildPhase section */

/* Begin PBXTargetDependency section */
		7F9494E420EC3EC300384A15 /* PBXTargetDependency */ = {
			isa = PBXTargetDependency;
			target = 7F9494CA20EC3EC200384A15 /* Git */;
			targetProxy = 7F9494E320EC3EC300384A15 /* PBXContainerItemProxy */;
		};
		7F9494EF20EC3EC300384A15 /* PBXTargetDependency */ = {
			isa = PBXTargetDependency;
			target = 7F9494CA20EC3EC200384A15 /* Git */;
			targetProxy = 7F9494EE20EC3EC300384A15 /* PBXContainerItemProxy */;
		};
/* End PBXTargetDependency section */

/* Begin PBXVariantGroup section */
		7F9494D220EC3EC200384A15 /* Main.storyboard */ = {
			isa = PBXVariantGroup;
			children = (
				7F9494D320EC3EC200384A15 /* Base */,
			);
			name = Main.storyboard;
			sourceTree = "<group>";
		};
		7F9494DA20EC3EC200384A15 /* LaunchScreen.storyboard */ = {
			isa = PBXVariantGroup;
			children = (
				7F9494DB20EC3EC200384A15 /* Base */,
			);
			name = LaunchScreen.storyboard;
			sourceTree = "<group>";
		};
/* End PBXVariantGroup section */

/* Begin XCBuildConfiguration section */
		7F9494F420EC3EC300384A15 /* Debug */ = {
			isa = XCBuildConfiguration;
			buildSettings = {
				ALWAYS_SEARCH_USER_PATHS = NO;
				CLANG_ANALYZER_NONNULL = YES;
				CLANG_ANALYZER_NUMBER_OBJECT_CONVERSION = YES_AGGRESSIVE;
				CLANG_CXX_LANGUAGE_STANDARD = "gnu++14";
				CLANG_CXX_LIBRARY = "libc++";
				CLANG_ENABLE_MODULES = YES;
				CLANG_ENABLE_OBJC_ARC = YES;
				CLANG_ENABLE_OBJC_WEAK = YES;
				CLANG_WARN_BLOCK_CAPTURE_AUTORELEASING = YES;
				CLANG_WARN_BOOL_CONVERSION = YES;
				CLANG_WARN_COMMA = YES;
				CLANG_WARN_CONSTANT_CONVERSION = YES;
				CLANG_WARN_DEPRECATED_OBJC_IMPLEMENTATIONS = YES;
				CLANG_WARN_DIRECT_OBJC_ISA_USAGE = YES_ERROR;
				CLANG_WARN_DOCUMENTATION_COMMENTS = YES;
				CLANG_WARN_EMPTY_BODY = YES;
				CLANG_WARN_ENUM_CONVERSION = YES;
				CLANG_WARN_INFINITE_RECURSION = YES;
				CLANG_WARN_INT_CONVERSION = YES;
				CLANG_WARN_NON_LITERAL_NULL_CONVERSION = YES;
				CLANG_WARN_OBJC_IMPLICIT_RETAIN_SELF = YES;
				CLANG_WARN_OBJC_LITERAL_CONVERSION = YES;
				CLANG_WARN_OBJC_ROOT_CLASS = YES_ERROR;
				CLANG_WARN_RANGE_LOOP_ANALYSIS = YES;
				CLANG_WARN_STRICT_PROTOTYPES = YES;
				CLANG_WARN_SUSPICIOUS_MOVE = YES;
				CLANG_WARN_UNGUARDED_AVAILABILITY = YES_AGGRESSIVE;
				CLANG_WARN_UNREACHABLE_CODE = YES;
				CLANG_WARN__DUPLICATE_METHOD_MATCH = YES;
				CODE_SIGN_IDENTITY = "iPhone Developer";
				COPY_PHASE_STRIP = NO;
				DEBUG_INFORMATION_FORMAT = dwarf;
				ENABLE_STRICT_OBJC_MSGSEND = YES;
				ENABLE_TESTABILITY = YES;
				GCC_C_LANGUAGE_STANDARD = gnu11;
				GCC_DYNAMIC_NO_PIC = NO;
				GCC_NO_COMMON_BLOCKS = YES;
				GCC_OPTIMIZATION_LEVEL = 0;
				GCC_PREPROCESSOR_DEFINITIONS = (
					"DEBUG=1",
					"$(inherited)",
				);
				GCC_WARN_64_TO_32_BIT_CONVERSION = YES;
				GCC_WARN_ABOUT_RETURN_TYPE = YES_ERROR;
				GCC_WARN_UNDECLARED_SELECTOR = YES;
				GCC_WARN_UNINITIALIZED_AUTOS = YES_AGGRESSIVE;
				GCC_WARN_UNUSED_FUNCTION = YES;
				GCC_WARN_UNUSED_VARIABLE = YES;
				IPHONEOS_DEPLOYMENT_TARGET = 11.3;
				MTL_ENABLE_DEBUG_INFO = YES;
				ONLY_ACTIVE_ARCH = YES;
				SDKROOT = iphoneos;
				SWIFT_ACTIVE_COMPILATION_CONDITIONS = DEBUG;
				SWIFT_OPTIMIZATION_LEVEL = "-Onone";
			};
			name = Debug;
		};
		7F9494F520EC3EC300384A15 /* Release */ = {
			isa = XCBuildConfiguration;
			buildSettings = {
				ALWAYS_SEARCH_USER_PATHS = NO;
				CLANG_ANALYZER_NONNULL = YES;
				CLANG_ANALYZER_NUMBER_OBJECT_CONVERSION = YES_AGGRESSIVE;
				CLANG_CXX_LANGUAGE_STANDARD = "gnu++14";
				CLANG_CXX_LIBRARY = "libc++";
				CLANG_ENABLE_MODULES = YES;
				CLANG_ENABLE_OBJC_ARC = YES;
				CLANG_ENABLE_OBJC_WEAK = YES;
				CLANG_WARN_BLOCK_CAPTURE_AUTORELEASING = YES;
				CLANG_WARN_BOOL_CONVERSION = YES;
				CLANG_WARN_COMMA = YES;
				CLANG_WARN_CONSTANT_CONVERSION = YES;
				CLANG_WARN_DEPRECATED_OBJC_IMPLEMENTATIONS = YES;
				CLANG_WARN_DIRECT_OBJC_ISA_USAGE = YES_ERROR;
				CLANG_WARN_DOCUMENTATION_COMMENTS = YES;
				CLANG_WARN_EMPTY_BODY = YES;
				CLANG_WARN_ENUM_CONVERSION = YES;
				CLANG_WARN_INFINITE_RECURSION = YES;
				CLANG_WARN_INT_CONVERSION = YES;
				CLANG_WARN_NON_LITERAL_NULL_CONVERSION = YES;
				CLANG_WARN_OBJC_IMPLICIT_RETAIN_SELF = YES;
				CLANG_WARN_OBJC_LITERAL_CONVERSION = YES;
				CLANG_WARN_OBJC_ROOT_CLASS = YES_ERROR;
				CLANG_WARN_RANGE_LOOP_ANALYSIS = YES;
				CLANG_WARN_STRICT_PROTOTYPES = YES;
				CLANG_WARN_SUSPICIOUS_MOVE = YES;
				CLANG_WARN_UNGUARDED_AVAILABILITY = YES_AGGRESSIVE;
				CLANG_WARN_UNREACHABLE_CODE = YES;
				CLANG_WARN__DUPLICATE_METHOD_MATCH = YES;
				CODE_SIGN_IDENTITY = "iPhone Developer";
				COPY_PHASE_STRIP = NO;
				DEBUG_INFORMATION_FORMAT = "dwarf-with-dsym";
				ENABLE_NS_ASSERTIONS = NO;
				ENABLE_STRICT_OBJC_MSGSEND = YES;
				GCC_C_LANGUAGE_STANDARD = gnu11;
				GCC_NO_COMMON_BLOCKS = YES;
				GCC_WARN_64_TO_32_BIT_CONVERSION = YES;
				GCC_WARN_ABOUT_RETURN_TYPE = YES_ERROR;
				GCC_WARN_UNDECLARED_SELECTOR = YES;
				GCC_WARN_UNINITIALIZED_AUTOS = YES_AGGRESSIVE;
				GCC_WARN_UNUSED_FUNCTION = YES;
				GCC_WARN_UNUSED_VARIABLE = YES;
				IPHONEOS_DEPLOYMENT_TARGET = 11.3;
				MTL_ENABLE_DEBUG_INFO = NO;
				SDKROOT = iphoneos;
				SWIFT_COMPILATION_MODE = wholemodule;
				SWIFT_OPTIMIZATION_LEVEL = "-O";
				VALIDATE_PRODUCT = YES;
			};
			name = Release;
		};
		7F9494F720EC3EC300384A15 /* Debug */ = {
			isa = XCBuildConfiguration;
			baseConfigurationReference = 909BAB7B7A840407886CBE59 /* Pods-Git.debug.xcconfig */;
			buildSettings = {
				ASSETCATALOG_COMPILER_APPICON_NAME = AppIcon;
				CODE_SIGN_STYLE = Automatic;
				INFOPLIST_FILE = Git/Info.plist;
				LD_RUNPATH_SEARCH_PATHS = (
					"$(inherited)",
					"@executable_path/Frameworks",
				);
				PRODUCT_BUNDLE_IDENTIFIER = upc.edu.pe.Git;
				PRODUCT_NAME = "$(TARGET_NAME)";
				SWIFT_VERSION = 4.0;
				TARGETED_DEVICE_FAMILY = "1,2";
			};
			name = Debug;
		};
		7F9494F820EC3EC300384A15 /* Release */ = {
			isa = XCBuildConfiguration;
			baseConfigurationReference = 969BCD266FBD2793C3367884 /* Pods-Git.release.xcconfig */;
			buildSettings = {
				ASSETCATALOG_COMPILER_APPICON_NAME = AppIcon;
				CODE_SIGN_STYLE = Automatic;
				INFOPLIST_FILE = Git/Info.plist;
				LD_RUNPATH_SEARCH_PATHS = (
					"$(inherited)",
					"@executable_path/Frameworks",
				);
				PRODUCT_BUNDLE_IDENTIFIER = upc.edu.pe.Git;
				PRODUCT_NAME = "$(TARGET_NAME)";
				SWIFT_VERSION = 4.0;
				TARGETED_DEVICE_FAMILY = "1,2";
			};
			name = Release;
		};
		7F9494FA20EC3EC300384A15 /* Debug */ = {
			isa = XCBuildConfiguration;
			baseConfigurationReference = 4245EEB4D12A48945DA7E4C7 /* Pods-GitTests.debug.xcconfig */;
			buildSettings = {
				ALWAYS_EMBED_SWIFT_STANDARD_LIBRARIES = YES;
				BUNDLE_LOADER = "$(TEST_HOST)";
				CODE_SIGN_STYLE = Automatic;
				INFOPLIST_FILE = GitTests/Info.plist;
				LD_RUNPATH_SEARCH_PATHS = (
					"$(inherited)",
					"@executable_path/Frameworks",
					"@loader_path/Frameworks",
				);
				PRODUCT_BUNDLE_IDENTIFIER = upc.edu.pe.GitTests;
				PRODUCT_NAME = "$(TARGET_NAME)";
				SWIFT_VERSION = 4.0;
				TARGETED_DEVICE_FAMILY = "1,2";
				TEST_HOST = "$(BUILT_PRODUCTS_DIR)/Git.app/Git";
			};
			name = Debug;
		};
		7F9494FB20EC3EC300384A15 /* Release */ = {
			isa = XCBuildConfiguration;
			baseConfigurationReference = BBD91633A57779C124486709 /* Pods-GitTests.release.xcconfig */;
			buildSettings = {
				ALWAYS_EMBED_SWIFT_STANDARD_LIBRARIES = YES;
				BUNDLE_LOADER = "$(TEST_HOST)";
				CODE_SIGN_STYLE = Automatic;
				INFOPLIST_FILE = GitTests/Info.plist;
				LD_RUNPATH_SEARCH_PATHS = (
					"$(inherited)",
					"@executable_path/Frameworks",
					"@loader_path/Frameworks",
				);
				PRODUCT_BUNDLE_IDENTIFIER = upc.edu.pe.GitTests;
				PRODUCT_NAME = "$(TARGET_NAME)";
				SWIFT_VERSION = 4.0;
				TARGETED_DEVICE_FAMILY = "1,2";
				TEST_HOST = "$(BUILT_PRODUCTS_DIR)/Git.app/Git";
			};
			name = Release;
		};
		7F9494FD20EC3EC300384A15 /* Debug */ = {
			isa = XCBuildConfiguration;
			baseConfigurationReference = E5D7637E08FF984190C09B51 /* Pods-GitUITests.debug.xcconfig */;
			buildSettings = {
				ALWAYS_EMBED_SWIFT_STANDARD_LIBRARIES = YES;
				CODE_SIGN_STYLE = Automatic;
				INFOPLIST_FILE = GitUITests/Info.plist;
				LD_RUNPATH_SEARCH_PATHS = (
					"$(inherited)",
					"@executable_path/Frameworks",
					"@loader_path/Frameworks",
				);
				PRODUCT_BUNDLE_IDENTIFIER = upc.edu.pe.GitUITests;
				PRODUCT_NAME = "$(TARGET_NAME)";
				SWIFT_VERSION = 4.0;
				TARGETED_DEVICE_FAMILY = "1,2";
				TEST_TARGET_NAME = Git;
			};
			name = Debug;
		};
		7F9494FE20EC3EC300384A15 /* Release */ = {
			isa = XCBuildConfiguration;
			baseConfigurationReference = B2CE1484B23EE1D02450C981 /* Pods-GitUITests.release.xcconfig */;
			buildSettings = {
				ALWAYS_EMBED_SWIFT_STANDARD_LIBRARIES = YES;
				CODE_SIGN_STYLE = Automatic;
				INFOPLIST_FILE = GitUITests/Info.plist;
				LD_RUNPATH_SEARCH_PATHS = (
					"$(inherited)",
					"@executable_path/Frameworks",
					"@loader_path/Frameworks",
				);
				PRODUCT_BUNDLE_IDENTIFIER = upc.edu.pe.GitUITests;
				PRODUCT_NAME = "$(TARGET_NAME)";
				SWIFT_VERSION = 4.0;
				TARGETED_DEVICE_FAMILY = "1,2";
				TEST_TARGET_NAME = Git;
			};
			name = Release;
		};
/* End XCBuildConfiguration section */

/* Begin XCConfigurationList section */
		7F9494C620EC3EC200384A15 /* Build configuration list for PBXProject "Git" */ = {
			isa = XCConfigurationList;
			buildConfigurations = (
				7F9494F420EC3EC300384A15 /* Debug */,
				7F9494F520EC3EC300384A15 /* Release */,
			);
			defaultConfigurationIsVisible = 0;
			defaultConfigurationName = Release;
		};
		7F9494F620EC3EC300384A15 /* Build configuration list for PBXNativeTarget "Git" */ = {
			isa = XCConfigurationList;
			buildConfigurations = (
				7F9494F720EC3EC300384A15 /* Debug */,
				7F9494F820EC3EC300384A15 /* Release */,
			);
			defaultConfigurationIsVisible = 0;
			defaultConfigurationName = Release;
		};
		7F9494F920EC3EC300384A15 /* Build configuration list for PBXNativeTarget "GitTests" */ = {
			isa = XCConfigurationList;
			buildConfigurations = (
				7F9494FA20EC3EC300384A15 /* Debug */,
				7F9494FB20EC3EC300384A15 /* Release */,
			);
			defaultConfigurationIsVisible = 0;
			defaultConfigurationName = Release;
		};
		7F9494FC20EC3EC300384A15 /* Build configuration list for PBXNativeTarget "GitUITests" */ = {
			isa = XCConfigurationList;
			buildConfigurations = (
				7F9494FD20EC3EC300384A15 /* Debug */,
				7F9494FE20EC3EC300384A15 /* Release */,
			);
			defaultConfigurationIsVisible = 0;
			defaultConfigurationName = Release;
		};
/* End XCConfigurationList section */

/* Begin XCVersionGroup section */
		7F9494D520EC3EC200384A15 /* Git.xcdatamodeld */ = {
			isa = XCVersionGroup;
			children = (
				7F9494D620EC3EC200384A15 /* Git.xcdatamodel */,
			);
			currentVersion = 7F9494D620EC3EC200384A15 /* Git.xcdatamodel */;
			path = Git.xcdatamodeld;
			sourceTree = "<group>";
			versionGroupType = wrapper.xcdatamodel;
		};
/* End XCVersionGroup section */
	};
	rootObject = 7F9494C320EC3EC200384A15 /* Project object */;
}
